<?xml version="1.0" encoding="utf-8"?>
<Project ToolsVersion="4.0" xmlns="http://schemas.microsoft.com/developer/msbuild/2003">
  <ItemGroup>
    <Filter Include="Source Files">
      <UniqueIdentifier>{4FC737F1-C7A5-4376-A066-2A32D752A2FF}</UniqueIdentifier>
      <Extensions>cpp;c;cc;cxx;def;odl;idl;hpj;bat;asm;asmx</Extensions>
    </Filter>
    <Filter Include="Header Files">
      <UniqueIdentifier>{93995380-89BD-4b04-88EB-625FBE52EBFB}</UniqueIdentifier>
      <Extensions>h;hpp;hxx;hm;inl;inc;xsd</Extensions>
    </Filter>
    <Filter Include="Resource Files">
      <UniqueIdentifier>{67DA6AB6-F800-4c08-8B7A-83BB121AAD01}</UniqueIdentifier>
      <Extensions>rc;ico;cur;bmp;dlg;rc2;rct;bin;rgs;gif;jpg;jpeg;jpe;resx;tiff;tif;png;wav;mfcribbon-ms</Extensions>
    </Filter>
    <Filter Include="Resource Files\Images">
      <UniqueIdentifier>{01f290c0-abfc-4fe0-a650-f1077dce0102}</UniqueIdentifier>
    </Filter>
    <Filter Include="Resource Files\Fonts">
      <UniqueIdentifier>{db964fa9-9030-4066-9df8-fd6b5c4cdd9f}</UniqueIdentifier>
    </Filter>
    <Filter Include="Source Files\Entity">
      <UniqueIdentifier>{4a8b457a-1d57-4754-9607-cf9ee182343e}</UniqueIdentifier>
    </Filter>
    <Filter Include="Source Files\Scene">
      <UniqueIdentifier>{50b123f2-245a-43dd-a385-0e6f03b62697}</UniqueIdentifier>
    </Filter>
    <Filter Include="Source Files\Manager">
      <UniqueIdentifier>{5e5640b5-3061-4145-8776-3db925d272a3}</UniqueIdentifier>
    </Filter>
    <Filter Include="Source Files\Battle">
      <UniqueIdentifier>{d608a7f9-add6-487a-ac82-7cb0008f01fb}</UniqueIdentifier>
    </Filter>
    <Filter Include="Header Files\Entity">
      <UniqueIdentifier>{bc40205e-368b-41c3-bb54-e2c8202b00e2}</UniqueIdentifier>
    </Filter>
    <Filter Include="Header Files\Manager">
      <UniqueIdentifier>{18100dd8-ad40-432a-b322-779662ff15e1}</UniqueIdentifier>
    </Filter>
    <Filter Include="Header Files\Battle">
      <UniqueIdentifier>{db78cc3c-2ec1-4de4-ad8e-4472406a9940}</UniqueIdentifier>
    </Filter>
    <Filter Include="Header Files\Scene">
      <UniqueIdentifier>{4845bb0f-f4d3-4716-a933-19aa09d85c65}</UniqueIdentifier>
    </Filter>
  </ItemGroup>
  <ItemGroup>
    <None Include="..\Images\start.bmp">
      <Filter>Resource Files\Images</Filter>
    </None>
    <None Include="..\Fonts\Viner Hand Itc.ttf">
      <Filter>Resource Files\Fonts</Filter>
    </None>
    <None Include="..\Fonts\Manga Temple.ttf">
      <Filter>Resource Files\Fonts</Filter>
    </None>
    <None Include="..\Images\Quit.bmp">
      <Filter>Resource Files\Images</Filter>
    </None>
    <None Include="..\Images\Quit1.bmp">
      <Filter>Resource Files\Images</Filter>
    </None>
    <None Include="..\Images\start1.bmp">
      <Filter>Resource Files\Images</Filter>
    </None>
    <None Include="..\Images\Battle menu.bmp">
      <Filter>Resource Files\Images</Filter>
    </None>
    <None Include="..\Images\start1.bmp">
      <Filter>Resource Files\Images</Filter>
    </None>
    <None Include="..\Images\Quit1.bmp">
      <Filter>Resource Files\Images</Filter>
    </None>
    <None Include="..\Images\Quit.bmp">
      <Filter>Resource Files\Images</Filter>
    </None>
    <None Include="..\Images\bg1.bmp">
      <Filter>Resource Files\Images</Filter>
    </None>
  </ItemGroup>
  <ItemGroup>
    <ClCompile Include="..\src\Battle\BattleHandler.cpp">
      <Filter>Source Files\Battle</Filter>
    </ClCompile>
    <ClCompile Include="..\src\Entity\Entity.cpp">
      <Filter>Source Files\Entity</Filter>
    </ClCompile>
    <ClCompile Include="..\src\Entity\Mob.cpp">
      <Filter>Source Files\Entity</Filter>
    </ClCompile>
    <ClCompile Include="..\src\Entity\Player.cpp">
      <Filter>Source Files\Entity</Filter>
    </ClCompile>
    <ClCompile Include="..\src\Manager\GameManager.cpp">
      <Filter>Source Files\Manager</Filter>
    </ClCompile>
    <ClCompile Include="..\src\Manager\SceneManager.cpp">
      <Filter>Source Files\Manager</Filter>
    </ClCompile>
    <ClCompile Include="..\src\Scene\BattleScene.cpp">
      <Filter>Source Files\Scene</Filter>
    </ClCompile>
    <ClCompile Include="..\src\Scene\NormalScene.cpp">
      <Filter>Source Files\Scene</Filter>
    </ClCompile>
    <ClCompile Include="..\src\Scene\OpeningScene.cpp">
      <Filter>Source Files\Scene</Filter>
    </ClCompile>
    <ClCompile Include="..\src\main.cpp">
      <Filter>Source Files</Filter>
    </ClCompile>
  </ItemGroup>
  <ItemGroup>
    <ClInclude Include="..\src\Scene\Scene.h">
      <Filter>Header Files\Scene</Filter>
    </ClInclude>
    <ClInclude Include="..\src\Scene\BattleScene.h">
      <Filter>Header Files\Scene</Filter>
    </ClInclude>
    <ClInclude Include="..\src\Scene\NormalScene.h">
      <Filter>Header Files\Scene</Filter>
    </ClInclude>
    <ClInclude Include="..\src\Scene\OpeningScene.h">
      <Filter>Header Files\Scene</Filter>
    </ClInclude>
    <ClInclude Include="..\src\Manager\GameManager.h">
      <Filter>Header Files\Manager</Filter>
    </ClInclude>
    <ClInclude Include="..\src\Manager\SceneManager.h">
      <Filter>Header Files\Manager</Filter>
    </ClInclude>
    <ClInclude Include="..\src\Entity\Player.h">
      <Filter>Header Files\Entity</Filter>
    </ClInclude>
    <ClInclude Include="..\src\Entity\Entity.h">
      <Filter>Header Files\Entity</Filter>
    </ClInclude>
    <ClInclude Include="..\src\Entity\Magic.h">
      <Filter>Header Files\Entity</Filter>
    </ClInclude>
    <ClInclude Include="..\src\Entity\Mob.h">
      <Filter>Header Files\Entity</Filter>
    </ClInclude>
    <ClInclude Include="..\src\Battle\BattleHandler.h">
      <Filter>Header Files\Battle</Filter>
    </ClInclude>
  </ItemGroup>
</Project>