<?xml version="1.0" encoding="utf-8"?>
<Project ToolsVersion="4.0" xmlns="http://schemas.microsoft.com/developer/msbuild/2003">
  <ItemGroup>
    <Filter Include="Source Files">
      <UniqueIdentifier>{4FC737F1-C7A5-4376-A066-2A32D752A2FF}</UniqueIdentifier>
      <Extensions>cpp;c;cc;cxx;def;odl;idl;hpj;bat;asm;asmx</Extensions>
    </Filter>
    <Filter Include="Header Files">
      <UniqueIdentifier>{93995380-89BD-4b04-88EB-625FBE52EBFB}</UniqueIdentifier>
      <Extensions>h;hpp;hxx;hm;inl;inc;xsd</Extensions>
    </Filter>
    <Filter Include="Resource Files">
      <UniqueIdentifier>{67DA6AB6-F800-4c08-8B7A-83BB121AAD01}</UniqueIdentifier>
      <Extensions>rc;ico;cur;bmp;dlg;rc2;rct;bin;rgs;gif;jpg;jpeg;jpe;resx;tiff;tif;png;wav;mfcribbon-ms</Extensions>
    </Filter>
    <Filter Include="Resource Files\Images">
      <UniqueIdentifier>{01f290c0-abfc-4fe0-a650-f1077dce0102}</UniqueIdentifier>
    </Filter>
    <Filter Include="Resource Files\Fonts">
      <UniqueIdentifier>{db964fa9-9030-4066-9df8-fd6b5c4cdd9f}</UniqueIdentifier>
    </Filter>
  </ItemGroup>
  <ItemGroup>
    <ClCompile Include="..\main.cpp">
      <Filter>Source Files</Filter>
    </ClCompile>
    <ClCompile Include="..\GameManager.cpp">
      <Filter>Source Files</Filter>
    </ClCompile>
    <ClCompile Include="..\SceneManager.cpp">
      <Filter>Source Files</Filter>
    </ClCompile>
    <ClCompile Include="..\NormalScene.cpp">
      <Filter>Source Files</Filter>
    </ClCompile>
    <ClCompile Include="..\OpeningScene.cpp">
      <Filter>Source Files</Filter>
    </ClCompile>
    <ClCompile Include="..\BattleScene.cpp">
      <Filter>Source Files</Filter>
    </ClCompile>
  </ItemGroup>
  <ItemGroup>
    <ClInclude Include="..\GameManager.h">
      <Filter>Header Files</Filter>
    </ClInclude>
    <ClInclude Include="..\SceneManager.h">
      <Filter>Header Files</Filter>
    </ClInclude>
    <ClInclude Include="..\Scene.h">
      <Filter>Header Files</Filter>
    </ClInclude>
    <ClInclude Include="..\OpeningScene.h">
      <Filter>Header Files</Filter>
    </ClInclude>
    <ClInclude Include="..\NormalScene.h">
      <Filter>Header Files</Filter>
    </ClInclude>
    <ClInclude Include="..\BattleScene.h">
      <Filter>Header Files</Filter>
    </ClInclude>
    <ClInclude Include="..\Entity.h">
      <Filter>Header Files</Filter>
    </ClInclude>
    <ClInclude Include="..\BattleManager.h">
      <Filter>Header Files</Filter>
    </ClInclude>
  </ItemGroup>
  <ItemGroup>
    <None Include="..\Images\start.bmp">
      <Filter>Resource Files\Images</Filter>
    </None>
    <None Include="..\Fonts\Viner Hand Itc.ttf">
      <Filter>Resource Files\Fonts</Filter>
    </None>
    <None Include="..\Fonts\Manga Temple.ttf">
      <Filter>Resource Files\Fonts</Filter>
    </None>
    <None Include="..\Images\Battle menu.bmp">
      <Filter>Resource Files\Images</Filter>
    </None>
    <None Include="..\Images\start1.bmp">
      <Filter>Resource Files\Images</Filter>
    </None>
    <None Include="..\Images\Quit1.bmp">
      <Filter>Resource Files\Images</Filter>
    </None>
    <None Include="..\Images\Quit.bmp">
      <Filter>Resource Files\Images</Filter>
    </None>
  </ItemGroup>
</Project>